<Solution>
  <Folder Name="/.github/">
    <File Path="copilot-instructions.md" />
  </Folder>
  <Folder Name="/.github/instructions/">
    <File Path="backend-instructions.md" />
  </Folder>
  <Folder Name="/.github/skills/" />
  <Project Path="FlightReservation.Backend/FlightReservation.Backend.csproj" Id="7807e0b8-8db8-4b5d-9132-4113c8afe7c0" />
</Solution>
